Microsoft Visual Studio Solution File, Format Version 12.00
# Visual Studio Version 17
VisualStudioVersion = 17.5.2.0
MinimumVisualStudioVersion = 10.0.40219.1
Project("{FAE04EC0-301F-11D3-BF4B-00C04F79EFBC}") = "ApiLibertadoresHAS", "ApiLibertadoresHAS.csproj", "{F656ACE7-1F09-C00A-3473-281DB1C2388D}"
EndProject
Global
	GlobalSection(SolutionConfigurationPlatforms) = preSolution
		Debug|Any CPU = Debug|Any CPU
		Release|Any CPU = Release|Any CPU
	EndGlobalSection
	GlobalSection(ProjectConfigurationPlatforms) = postSolution
		{F656ACE7-1F09-C00A-3473-281DB1C2388D}.Debug|Any CPU.ActiveCfg = Debug|Any CPU
		{F656ACE7-1F09-C00A-3473-281DB1C2388D}.Debug|Any CPU.Build.0 = Debug|Any CPU
		{F656ACE7-1F09-C00A-3473-281DB1C2388D}.Release|Any CPU.ActiveCfg = Release|Any CPU
		{F656ACE7-1F09-C00A-3473-281DB1C2388D}.Release|Any CPU.Build.0 = Release|Any CPU
	EndGlobalSection
	GlobalSection(SolutionProperties) = preSolution
		HideSolutionNode = FALSE
	EndGlobalSection
	GlobalSection(ExtensibilityGlobals) = postSolution
		SolutionGuid = {FF69A9F8-5C00-4AA9-B09E-7F38748CFA1C}
	EndGlobalSection
EndGlobal
